
Microsoft Visual Studio Solution File, Format Version 12.00
# Visual Studio Version 16
VisualStudioVersion = 16.0.30907.101
MinimumVisualStudioVersion = 10.0.40219.1
Project("{FAE04EC0-301F-11D3-BF4B-00C04F79EFBC}") = "Capa Datos", "Capa Datos\Capa Datos.csproj", "{71813182-27F6-41F9-862F-DC892C4ED533}"
EndProject
Project("{FAE04EC0-301F-11D3-BF4B-00C04F79EFBC}") = "Capa Intercambios", "Capa Intercambios\Capa Intercambios.csproj", "{BD7BB176-4505-4647-B2BF-233E42619144}"
EndProject
Project("{FAE04EC0-301F-11D3-BF4B-00C04F79EFBC}") = "Capa Presentacion", "Capa Presentacion\Capa Presentacion.csproj", "{C42E4814-009C-4519-B091-6E7CC64B505F}"
EndProject
Global
	GlobalSection(SolutionConfigurationPlatforms) = preSolution
		Debug|Any CPU = Debug|Any CPU
		Release|Any CPU = Release|Any CPU
	EndGlobalSection
	GlobalSection(ProjectConfigurationPlatforms) = postSolution
		{71813182-27F6-41F9-862F-DC892C4ED533}.Debug|Any CPU.ActiveCfg = Debug|Any CPU
		{71813182-27F6-41F9-862F-DC892C4ED533}.Debug|Any CPU.Build.0 = Debug|Any CPU
		{71813182-27F6-41F9-862F-DC892C4ED533}.Release|Any CPU.ActiveCfg = Release|Any CPU
		{71813182-27F6-41F9-862F-DC892C4ED533}.Release|Any CPU.Build.0 = Release|Any CPU
		{BD7BB176-4505-4647-B2BF-233E42619144}.Debug|Any CPU.ActiveCfg = Debug|Any CPU
		{BD7BB176-4505-4647-B2BF-233E42619144}.Debug|Any CPU.Build.0 = Debug|Any CPU
		{BD7BB176-4505-4647-B2BF-233E42619144}.Release|Any CPU.ActiveCfg = Release|Any CPU
		{BD7BB176-4505-4647-B2BF-233E42619144}.Release|Any CPU.Build.0 = Release|Any CPU
		{C42E4814-009C-4519-B091-6E7CC64B505F}.Debug|Any CPU.ActiveCfg = Debug|Any CPU
		{C42E4814-009C-4519-B091-6E7CC64B505F}.Debug|Any CPU.Build.0 = Debug|Any CPU
		{C42E4814-009C-4519-B091-6E7CC64B505F}.Release|Any CPU.ActiveCfg = Release|Any CPU
		{C42E4814-009C-4519-B091-6E7CC64B505F}.Release|Any CPU.Build.0 = Release|Any CPU
	EndGlobalSection
	GlobalSection(SolutionProperties) = preSolution
		HideSolutionNode = FALSE
	EndGlobalSection
	GlobalSection(ExtensibilityGlobals) = postSolution
		SolutionGuid = {207C11B1-C4B4-4790-A256-4476A1A2C4CE}
	EndGlobalSection
EndGlobal
